
Microsoft Visual Studio Solution File, Format Version 12.00
# Visual Studio Version 17
VisualStudioVersion = 17.14.37012.4
MinimumVisualStudioVersion = 10.0.40219.1
Project("{FAE04EC0-301F-11D3-BF4B-00C04F79EFBC}") = "BankingSystem.Application", "BankingSystem.Application\BankingSystem.Application.csproj", "{65D718F5-3B85-0449-81BA-E12808AB027C}"
EndProject
Project("{FAE04EC0-301F-11D3-BF4B-00C04F79EFBC}") = "BankingSystem.Domain", "BankingSystem.Domain\BankingSystem.Domain.csproj", "{A75D5D6D-8D92-BC91-57FA-73B4E0F3FFBE}"
EndProject
Project("{FAE04EC0-301F-11D3-BF4B-00C04F79EFBC}") = "BankingSystem.Infrastructure", "BankingSystem.Infrastructure\BankingSystem.Infrastructure.csproj", "{EB5B3098-4E4B-E7C9-3B48-1F0245A5B0AD}"
EndProject
Project("{FAE04EC0-301F-11D3-BF4B-00C04F79EFBC}") = "BankingSystem.Presentation", "BankingSystem.Presentation\BankingSystem.Presentation.csproj", "{010BE6E4-D172-9FCB-811A-D85D266FF8FC}"
EndProject
Global
	GlobalSection(SolutionConfigurationPlatforms) = preSolution
		Debug|Any CPU = Debug|Any CPU
		Release|Any CPU = Release|Any CPU
	EndGlobalSection
	GlobalSection(ProjectConfigurationPlatforms) = postSolution
		{65D718F5-3B85-0449-81BA-E12808AB027C}.Debug|Any CPU.ActiveCfg = Debug|Any CPU
		{65D718F5-3B85-0449-81BA-E12808AB027C}.Debug|Any CPU.Build.0 = Debug|Any CPU
		{65D718F5-3B85-0449-81BA-E12808AB027C}.Release|Any CPU.ActiveCfg = Release|Any CPU
		{65D718F5-3B85-0449-81BA-E12808AB027C}.Release|Any CPU.Build.0 = Release|Any CPU
		{A75D5D6D-8D92-BC91-57FA-73B4E0F3FFBE}.Debug|Any CPU.ActiveCfg = Debug|Any CPU
		{A75D5D6D-8D92-BC91-57FA-73B4E0F3FFBE}.Debug|Any CPU.Build.0 = Debug|Any CPU
		{A75D5D6D-8D92-BC91-57FA-73B4E0F3FFBE}.Release|Any CPU.ActiveCfg = Release|Any CPU
		{A75D5D6D-8D92-BC91-57FA-73B4E0F3FFBE}.Release|Any CPU.Build.0 = Release|Any CPU
		{EB5B3098-4E4B-E7C9-3B48-1F0245A5B0AD}.Debug|Any CPU.ActiveCfg = Debug|Any CPU
		{EB5B3098-4E4B-E7C9-3B48-1F0245A5B0AD}.Debug|Any CPU.Build.0 = Debug|Any CPU
		{EB5B3098-4E4B-E7C9-3B48-1F0245A5B0AD}.Release|Any CPU.ActiveCfg = Release|Any CPU
		{EB5B3098-4E4B-E7C9-3B48-1F0245A5B0AD}.Release|Any CPU.Build.0 = Release|Any CPU
		{010BE6E4-D172-9FCB-811A-D85D266FF8FC}.Debug|Any CPU.ActiveCfg = Debug|Any CPU
		{010BE6E4-D172-9FCB-811A-D85D266FF8FC}.Debug|Any CPU.Build.0 = Debug|Any CPU
		{010BE6E4-D172-9FCB-811A-D85D266FF8FC}.Release|Any CPU.ActiveCfg = Release|Any CPU
		{010BE6E4-D172-9FCB-811A-D85D266FF8FC}.Release|Any CPU.Build.0 = Release|Any CPU
	EndGlobalSection
	GlobalSection(SolutionProperties) = preSolution
		HideSolutionNode = FALSE
	EndGlobalSection
	GlobalSection(ExtensibilityGlobals) = postSolution
		SolutionGuid = {6AEE28DA-7DEE-48BB-8A2B-B7F9D85FF9C3}
	EndGlobalSection
EndGlobal
